
Microsoft Visual Studio Solution File, Format Version 12.00
# Visual Studio Version 16
VisualStudioVersion = 16.0.31105.61
MinimumVisualStudioVersion = 10.0.40219.1
Project("{9A19103F-16F7-4668-BE54-9A1E7A4F7556}") = "DownloadHtmlStr", "DownloadHtmlStr\DownloadHtmlStr.csproj", "{05613BFB-FC1C-4C5F-95CA-0AA90261D31D}"
EndProject
Global
	GlobalSection(SolutionConfigurationPlatforms) = preSolution
		Debug|Any CPU = Debug|Any CPU
		Debug|x64 = Debug|x64
		Debug|x86 = Debug|x86
		Release|Any CPU = Release|Any CPU
		Release|x64 = Release|x64
		Release|x86 = Release|x86
	EndGlobalSection
	GlobalSection(ProjectConfigurationPlatforms) = postSolution
		{05613BFB-FC1C-4C5F-95CA-0AA90261D31D}.Debug|Any CPU.ActiveCfg = Debug|Any CPU
		{05613BFB-FC1C-4C5F-95CA-0AA90261D31D}.Debug|x64.ActiveCfg = Debug|x64
		{05613BFB-FC1C-4C5F-95CA-0AA90261D31D}.Debug|x64.Build.0 = Debug|x64
		{05613BFB-FC1C-4C5F-95CA-0AA90261D31D}.Debug|x86.ActiveCfg = Debug|x86
		{05613BFB-FC1C-4C5F-95CA-0AA90261D31D}.Debug|x86.Build.0 = Debug|x86
		{05613BFB-FC1C-4C5F-95CA-0AA90261D31D}.Release|Any CPU.ActiveCfg = Release|Any CPU
		{05613BFB-FC1C-4C5F-95CA-0AA90261D31D}.Release|Any CPU.Build.0 = Release|Any CPU
		{05613BFB-FC1C-4C5F-95CA-0AA90261D31D}.Release|x64.ActiveCfg = Release|x64
		{05613BFB-FC1C-4C5F-95CA-0AA90261D31D}.Release|x64.Build.0 = Release|x64
		{05613BFB-FC1C-4C5F-95CA-0AA90261D31D}.Release|x86.ActiveCfg = Release|x86
		{05613BFB-FC1C-4C5F-95CA-0AA90261D31D}.Release|x86.Build.0 = Release|x86
	EndGlobalSection
	GlobalSection(SolutionProperties) = preSolution
		HideSolutionNode = FALSE
	EndGlobalSection
	GlobalSection(ExtensibilityGlobals) = postSolution
		SolutionGuid = {13240ADA-AFFF-415C-99D6-4869886F42D3}
	EndGlobalSection
EndGlobal
